
Microsoft Visual Studio Solution File, Format Version 12.00
# Visual Studio Version 16
VisualStudioVersion = 16.0.31321.278
MinimumVisualStudioVersion = 10.0.40219.1
Project("{FAE04EC0-301F-11D3-BF4B-00C04F79EFBC}") = "FindingANearestDoctorInANetwork", "FindingANearestDoctorInANetwork\FindingANearestDoctorInANetwork.csproj", "{496D275C-730D-4F5E-B97E-303EEDBA2518}"
EndProject
Global
	GlobalSection(SolutionConfigurationPlatforms) = preSolution
		Debug|Any CPU = Debug|Any CPU
		Release|Any CPU = Release|Any CPU
	EndGlobalSection
	GlobalSection(ProjectConfigurationPlatforms) = postSolution
		{496D275C-730D-4F5E-B97E-303EEDBA2518}.Debug|Any CPU.ActiveCfg = Debug|Any CPU
		{496D275C-730D-4F5E-B97E-303EEDBA2518}.Debug|Any CPU.Build.0 = Debug|Any CPU
		{496D275C-730D-4F5E-B97E-303EEDBA2518}.Release|Any CPU.ActiveCfg = Release|Any CPU
		{496D275C-730D-4F5E-B97E-303EEDBA2518}.Release|Any CPU.Build.0 = Release|Any CPU
	EndGlobalSection
	GlobalSection(SolutionProperties) = preSolution
		HideSolutionNode = FALSE
	EndGlobalSection
	GlobalSection(ExtensibilityGlobals) = postSolution
		SolutionGuid = {4E835221-B410-406E-8BF4-F153474DAC61}
	EndGlobalSection
EndGlobal
