
Microsoft Visual Studio Solution File, Format Version 12.00
# Visual Studio Version 16
VisualStudioVersion = 16.0.31321.278
MinimumVisualStudioVersion = 10.0.40219.1
Project("{FAE04EC0-301F-11D3-BF4B-00C04F79EFBC}") = "BinarySearchRecursionCsharp", "BinarySearchRecursionCsharp\BinarySearchRecursionCsharp.csproj", "{B8D35EDD-EC41-4133-B86E-330AEED06C62}"
EndProject
Global
	GlobalSection(SolutionConfigurationPlatforms) = preSolution
		Debug|Any CPU = Debug|Any CPU
		Release|Any CPU = Release|Any CPU
	EndGlobalSection
	GlobalSection(ProjectConfigurationPlatforms) = postSolution
		{B8D35EDD-EC41-4133-B86E-330AEED06C62}.Debug|Any CPU.ActiveCfg = Debug|Any CPU
		{B8D35EDD-EC41-4133-B86E-330AEED06C62}.Debug|Any CPU.Build.0 = Debug|Any CPU
		{B8D35EDD-EC41-4133-B86E-330AEED06C62}.Release|Any CPU.ActiveCfg = Release|Any CPU
		{B8D35EDD-EC41-4133-B86E-330AEED06C62}.Release|Any CPU.Build.0 = Release|Any CPU
	EndGlobalSection
	GlobalSection(SolutionProperties) = preSolution
		HideSolutionNode = FALSE
	EndGlobalSection
	GlobalSection(ExtensibilityGlobals) = postSolution
		SolutionGuid = {B748CFDB-EB32-4D4E-A4A5-41959F210A7A}
	EndGlobalSection
EndGlobal
